
Microsoft Visual Studio Solution File, Format Version 12.00
# Visual Studio 14
VisualStudioVersion = 14.0.25420.1
MinimumVisualStudioVersion = 10.0.40219.1
Project("{FAE04EC0-301F-11D3-BF4B-00C04F79EFBC}") = "Dexter.Core", "Dexter\Core\Dexter.Core.csproj", "{F46F8A70-C08C-4FB3-A18D-E0FEC18A0BA3}"
	ProjectSection(ProjectDependencies) = postProject
		{8EDF4429-251A-416D-BB68-93F227191BCF} = {8EDF4429-251A-416D-BB68-93F227191BCF}
		{1BD4C82E-620F-405F-8F97-B23249EA852A} = {1BD4C82E-620F-405F-8F97-B23249EA852A}
	EndProjectSection
EndProject
Project("{FAE04EC0-301F-11D3-BF4B-00C04F79EFBC}") = "Dexter.Tests", "Dexter\Tests\Dexter.Tests.csproj", "{7DF75ADC-0C42-4935-AAF2-CDA44BEE97D4}"
EndProject
Project("{2150E333-8FDC-42A3-9474-1A3956D46DE8}") = "PeerReview", "PeerReview", "{4425665A-B8EA-42F1-B921-B7C37C8F086A}"
EndProject
Project("{2150E333-8FDC-42A3-9474-1A3956D46DE8}") = "Dexter", "Dexter", "{841818A4-2849-4ABF-8E08-84C6369D5ACA}"
EndProject
Project("{FAE04EC0-301F-11D3-BF4B-00C04F79EFBC}") = "Dexter.PeerReview.Tests", "Dexter\PeerReview\Tests\Dexter.PeerReview.Tests.csproj", "{1BD4C82E-620F-405F-8F97-B23249EA852A}"
EndProject
Project("{2150E333-8FDC-42A3-9474-1A3956D46DE8}") = "Common", "Common", "{B76947EF-95D1-45C9-8472-BA12BF7D11FE}"
EndProject
Project("{FAE04EC0-301F-11D3-BF4B-00C04F79EFBC}") = "Dexter.Common.Core", "Dexter\Common\Core\Dexter.Common.Core.csproj", "{320CEE90-F7BD-43A4-BD23-9227CC1E214C}"
EndProject
Project("{FAE04EC0-301F-11D3-BF4B-00C04F79EFBC}") = "Dexter.Common.Tests", "Dexter\Common\Tests\Dexter.Common.Tests.csproj", "{8EDF4429-251A-416D-BB68-93F227191BCF}"
EndProject
Project("{FAE04EC0-301F-11D3-BF4B-00C04F79EFBC}") = "Dexter.PeerReview.Core", "Dexter\PeerReview\Core\Dexter.PeerReview.Core.csproj", "{53B1E9FC-0631-4CF4-AC44-1C626EFCA155}"
EndProject
Global
	GlobalSection(SolutionConfigurationPlatforms) = preSolution
		Debug|Any CPU = Debug|Any CPU
		Release|Any CPU = Release|Any CPU
	EndGlobalSection
	GlobalSection(ProjectConfigurationPlatforms) = postSolution
		{F46F8A70-C08C-4FB3-A18D-E0FEC18A0BA3}.Debug|Any CPU.ActiveCfg = Debug|Any CPU
		{F46F8A70-C08C-4FB3-A18D-E0FEC18A0BA3}.Debug|Any CPU.Build.0 = Debug|Any CPU
		{F46F8A70-C08C-4FB3-A18D-E0FEC18A0BA3}.Release|Any CPU.ActiveCfg = Release|Any CPU
		{F46F8A70-C08C-4FB3-A18D-E0FEC18A0BA3}.Release|Any CPU.Build.0 = Release|Any CPU
		{7DF75ADC-0C42-4935-AAF2-CDA44BEE97D4}.Debug|Any CPU.ActiveCfg = Debug|Any CPU
		{7DF75ADC-0C42-4935-AAF2-CDA44BEE97D4}.Debug|Any CPU.Build.0 = Debug|Any CPU
		{7DF75ADC-0C42-4935-AAF2-CDA44BEE97D4}.Release|Any CPU.ActiveCfg = Release|Any CPU
		{7DF75ADC-0C42-4935-AAF2-CDA44BEE97D4}.Release|Any CPU.Build.0 = Release|Any CPU
		{1BD4C82E-620F-405F-8F97-B23249EA852A}.Debug|Any CPU.ActiveCfg = Debug|Any CPU
		{1BD4C82E-620F-405F-8F97-B23249EA852A}.Debug|Any CPU.Build.0 = Debug|Any CPU
		{1BD4C82E-620F-405F-8F97-B23249EA852A}.Release|Any CPU.ActiveCfg = Release|Any CPU
		{1BD4C82E-620F-405F-8F97-B23249EA852A}.Release|Any CPU.Build.0 = Release|Any CPU
		{320CEE90-F7BD-43A4-BD23-9227CC1E214C}.Debug|Any CPU.ActiveCfg = Debug|Any CPU
		{320CEE90-F7BD-43A4-BD23-9227CC1E214C}.Debug|Any CPU.Build.0 = Debug|Any CPU
		{320CEE90-F7BD-43A4-BD23-9227CC1E214C}.Release|Any CPU.ActiveCfg = Release|Any CPU
		{320CEE90-F7BD-43A4-BD23-9227CC1E214C}.Release|Any CPU.Build.0 = Release|Any CPU
		{8EDF4429-251A-416D-BB68-93F227191BCF}.Debug|Any CPU.ActiveCfg = Debug|Any CPU
		{8EDF4429-251A-416D-BB68-93F227191BCF}.Debug|Any CPU.Build.0 = Debug|Any CPU
		{8EDF4429-251A-416D-BB68-93F227191BCF}.Release|Any CPU.ActiveCfg = Release|Any CPU
		{8EDF4429-251A-416D-BB68-93F227191BCF}.Release|Any CPU.Build.0 = Release|Any CPU
		{53B1E9FC-0631-4CF4-AC44-1C626EFCA155}.Debug|Any CPU.ActiveCfg = Debug|Any CPU
		{53B1E9FC-0631-4CF4-AC44-1C626EFCA155}.Debug|Any CPU.Build.0 = Debug|Any CPU
		{53B1E9FC-0631-4CF4-AC44-1C626EFCA155}.Release|Any CPU.ActiveCfg = Release|Any CPU
		{53B1E9FC-0631-4CF4-AC44-1C626EFCA155}.Release|Any CPU.Build.0 = Release|Any CPU
	EndGlobalSection
	GlobalSection(SolutionProperties) = preSolution
		HideSolutionNode = FALSE
	EndGlobalSection
	GlobalSection(NestedProjects) = preSolution
		{F46F8A70-C08C-4FB3-A18D-E0FEC18A0BA3} = {841818A4-2849-4ABF-8E08-84C6369D5ACA}
		{7DF75ADC-0C42-4935-AAF2-CDA44BEE97D4} = {841818A4-2849-4ABF-8E08-84C6369D5ACA}
		{4425665A-B8EA-42F1-B921-B7C37C8F086A} = {841818A4-2849-4ABF-8E08-84C6369D5ACA}
		{1BD4C82E-620F-405F-8F97-B23249EA852A} = {4425665A-B8EA-42F1-B921-B7C37C8F086A}
		{B76947EF-95D1-45C9-8472-BA12BF7D11FE} = {841818A4-2849-4ABF-8E08-84C6369D5ACA}
		{320CEE90-F7BD-43A4-BD23-9227CC1E214C} = {B76947EF-95D1-45C9-8472-BA12BF7D11FE}
		{8EDF4429-251A-416D-BB68-93F227191BCF} = {B76947EF-95D1-45C9-8472-BA12BF7D11FE}
		{53B1E9FC-0631-4CF4-AC44-1C626EFCA155} = {4425665A-B8EA-42F1-B921-B7C37C8F086A}
	EndGlobalSection
EndGlobal
